// !$*UTF8*$!
{
	archiveVersion = 1;
	classes = {
	};
	objectVersion = 50;
	objects = {

/* Begin PBXBuildFile section */
		8851252425F074FB00901C9B /* AppDelegate.swift in Sources */ = {isa = PBXBuildFile; fileRef = 8851252325F074FB00901C9B /* AppDelegate.swift */; };
		8851252625F074FB00901C9B /* SceneDelegate.swift in Sources */ = {isa = PBXBuildFile; fileRef = 8851252525F074FB00901C9B /* SceneDelegate.swift */; };
		8851252825F074FB00901C9B /* FirstMoboActivityViewController.swift in Sources */ = {isa = PBXBuildFile; fileRef = 8851252725F074FB00901C9B /* FirstMoboActivityViewController.swift */; };
		8851252D25F074FD00901C9B /* Assets.xcassets in Resources */ = {isa = PBXBuildFile; fileRef = 8851252C25F074FD00901C9B /* Assets.xcassets */; };
		8851253025F074FD00901C9B /* LaunchScreen.storyboard in Resources */ = {isa = PBXBuildFile; fileRef = 8851252E25F074FD00901C9B /* LaunchScreen.storyboard */; };
		8851253B25F074FD00901C9B /* FirstMoboActivityTests.swift in Sources */ = {isa = PBXBuildFile; fileRef = 8851253A25F074FD00901C9B /* FirstMoboActivityTests.swift */; };
		8851254625F074FD00901C9B /* FirstMoboActivityUITests.swift in Sources */ = {isa = PBXBuildFile; fileRef = 8851254525F074FD00901C9B /* FirstMoboActivityUITests.swift */; };
		885125A925F088FC00901C9B /* UIViewLayoutExtension.swift in Sources */ = {isa = PBXBuildFile; fileRef = 885125A725F088FC00901C9B /* UIViewLayoutExtension.swift */; };
		885125AA25F088FC00901C9B /* UIViewExtension.swift in Sources */ = {isa = PBXBuildFile; fileRef = 885125A825F088FC00901C9B /* UIViewExtension.swift */; };
		885125AF25F0899500901C9B /* FirstMoboActivityHeaderViewAndComponents.swift in Sources */ = {isa = PBXBuildFile; fileRef = 885125AE25F0899500901C9B /* FirstMoboActivityHeaderViewAndComponents.swift */; };
/* End PBXBuildFile section */

/* Begin PBXContainerItemProxy section */
		8851253725F074FD00901C9B /* PBXContainerItemProxy */ = {
			isa = PBXContainerItemProxy;
			containerPortal = 8851251825F074FB00901C9B /* Project object */;
			proxyType = 1;
			remoteGlobalIDString = 8851251F25F074FB00901C9B;
			remoteInfo = FirstMoboActivity;
		};
		8851254225F074FD00901C9B /* PBXContainerItemProxy */ = {
			isa = PBXContainerItemProxy;
			containerPortal = 8851251825F074FB00901C9B /* Project object */;
			proxyType = 1;
			remoteGlobalIDString = 8851251F25F074FB00901C9B;
			remoteInfo = FirstMoboActivity;
		};
/* End PBXContainerItemProxy section */

/* Begin PBXFileReference section */
		8851252025F074FB00901C9B /* FirstMoboActivity.app */ = {isa = PBXFileReference; explicitFileType = wrapper.application; includeInIndex = 0; path = FirstMoboActivity.app; sourceTree = BUILT_PRODUCTS_DIR; };
		8851252325F074FB00901C9B /* AppDelegate.swift */ = {isa = PBXFileReference; lastKnownFileType = sourcecode.swift; path = AppDelegate.swift; sourceTree = "<group>"; };
		8851252525F074FB00901C9B /* SceneDelegate.swift */ = {isa = PBXFileReference; lastKnownFileType = sourcecode.swift; path = SceneDelegate.swift; sourceTree = "<group>"; };
		8851252725F074FB00901C9B /* FirstMoboActivityViewController.swift */ = {isa = PBXFileReference; lastKnownFileType = sourcecode.swift; path = FirstMoboActivityViewController.swift; sourceTree = "<group>"; };
		8851252C25F074FD00901C9B /* Assets.xcassets */ = {isa = PBXFileReference; lastKnownFileType = folder.assetcatalog; path = Assets.xcassets; sourceTree = "<group>"; };
		8851252F25F074FD00901C9B /* Base */ = {isa = PBXFileReference; lastKnownFileType = file.storyboard; name = Base; path = Base.lproj/LaunchScreen.storyboard; sourceTree = "<group>"; };
		8851253125F074FD00901C9B /* Info.plist */ = {isa = PBXFileReference; lastKnownFileType = text.plist.xml; path = Info.plist; sourceTree = "<group>"; };
		8851253625F074FD00901C9B /* FirstMoboActivityTests.xctest */ = {isa = PBXFileReference; explicitFileType = wrapper.cfbundle; includeInIndex = 0; path = FirstMoboActivityTests.xctest; sourceTree = BUILT_PRODUCTS_DIR; };
		8851253A25F074FD00901C9B /* FirstMoboActivityTests.swift */ = {isa = PBXFileReference; lastKnownFileType = sourcecode.swift; path = FirstMoboActivityTests.swift; sourceTree = "<group>"; };
		8851253C25F074FD00901C9B /* Info.plist */ = {isa = PBXFileReference; lastKnownFileType = text.plist.xml; path = Info.plist; sourceTree = "<group>"; };
		8851254125F074FD00901C9B /* FirstMoboActivityUITests.xctest */ = {isa = PBXFileReference; explicitFileType = wrapper.cfbundle; includeInIndex = 0; path = FirstMoboActivityUITests.xctest; sourceTree = BUILT_PRODUCTS_DIR; };
		8851254525F074FD00901C9B /* FirstMoboActivityUITests.swift */ = {isa = PBXFileReference; lastKnownFileType = sourcecode.swift; path = FirstMoboActivityUITests.swift; sourceTree = "<group>"; };
		8851254725F074FD00901C9B /* Info.plist */ = {isa = PBXFileReference; lastKnownFileType = text.plist.xml; path = Info.plist; sourceTree = "<group>"; };
		885125A725F088FC00901C9B /* UIViewLayoutExtension.swift */ = {isa = PBXFileReference; fileEncoding = 4; lastKnownFileType = sourcecode.swift; path = UIViewLayoutExtension.swift; sourceTree = "<group>"; };
		885125A825F088FC00901C9B /* UIViewExtension.swift */ = {isa = PBXFileReference; fileEncoding = 4; lastKnownFileType = sourcecode.swift; path = UIViewExtension.swift; sourceTree = "<group>"; };
		885125AE25F0899500901C9B /* FirstMoboActivityHeaderViewAndComponents.swift */ = {isa = PBXFileReference; lastKnownFileType = sourcecode.swift; path = FirstMoboActivityHeaderViewAndComponents.swift; sourceTree = "<group>"; };
/* End PBXFileReference section */

/* Begin PBXFrameworksBuildPhase section */
		8851251D25F074FB00901C9B /* Frameworks */ = {
			isa = PBXFrameworksBuildPhase;
			buildActionMask = 2147483647;
			files = (
			);
			runOnlyForDeploymentPostprocessing = 0;
		};
		8851253325F074FD00901C9B /* Frameworks */ = {
			isa = PBXFrameworksBuildPhase;
			buildActionMask = 2147483647;
			files = (
			);
			runOnlyForDeploymentPostprocessing = 0;
		};
		8851253E25F074FD00901C9B /* Frameworks */ = {
			isa = PBXFrameworksBuildPhase;
			buildActionMask = 2147483647;
			files = (
			);
			runOnlyForDeploymentPostprocessing = 0;
		};
/* End PBXFrameworksBuildPhase section */

/* Begin PBXGroup section */
		8851251725F074FB00901C9B = {
			isa = PBXGroup;
			children = (
				8851252225F074FB00901C9B /* FirstMoboActivity */,
				8851253925F074FD00901C9B /* FirstMoboActivityTests */,
				8851254425F074FD00901C9B /* FirstMoboActivityUITests */,
				8851252125F074FB00901C9B /* Products */,
			);
			sourceTree = "<group>";
		};
		8851252125F074FB00901C9B /* Products */ = {
			isa = PBXGroup;
			children = (
				8851252025F074FB00901C9B /* FirstMoboActivity.app */,
				8851253625F074FD00901C9B /* FirstMoboActivityTests.xctest */,
				8851254125F074FD00901C9B /* FirstMoboActivityUITests.xctest */,
			);
			name = Products;
			sourceTree = "<group>";
		};
		8851252225F074FB00901C9B /* FirstMoboActivity */ = {
			isa = PBXGroup;
			children = (
				8851259A25F087F200901C9B /* Model */,
				8851259B25F0880100901C9B /* View */,
				8851259C25F0881100901C9B /* Controller */,
				885125A625F088A100901C9B /* Utils */,
				8851252325F074FB00901C9B /* AppDelegate.swift */,
				8851252525F074FB00901C9B /* SceneDelegate.swift */,
				8851252C25F074FD00901C9B /* Assets.xcassets */,
				8851252E25F074FD00901C9B /* LaunchScreen.storyboard */,
				8851253125F074FD00901C9B /* Info.plist */,
			);
			path = FirstMoboActivity;
			sourceTree = "<group>";
		};
		8851253925F074FD00901C9B /* FirstMoboActivityTests */ = {
			isa = PBXGroup;
			children = (
				8851253A25F074FD00901C9B /* FirstMoboActivityTests.swift */,
				8851253C25F074FD00901C9B /* Info.plist */,
			);
			path = FirstMoboActivityTests;
			sourceTree = "<group>";
		};
		8851254425F074FD00901C9B /* FirstMoboActivityUITests */ = {
			isa = PBXGroup;
			children = (
				8851254525F074FD00901C9B /* FirstMoboActivityUITests.swift */,
				8851254725F074FD00901C9B /* Info.plist */,
			);
			path = FirstMoboActivityUITests;
			sourceTree = "<group>";
		};
		8851259A25F087F200901C9B /* Model */ = {
			isa = PBXGroup;
			children = (
			);
			path = Model;
			sourceTree = "<group>";
		};
		8851259B25F0880100901C9B /* View */ = {
			isa = PBXGroup;
			children = (
				885125AE25F0899500901C9B /* FirstMoboActivityHeaderViewAndComponents.swift */,
			);
			path = View;
			sourceTree = "<group>";
		};
		8851259C25F0881100901C9B /* Controller */ = {
			isa = PBXGroup;
			children = (
				8851252725F074FB00901C9B /* FirstMoboActivityViewController.swift */,
			);
			path = Controller;
			sourceTree = "<group>";
		};
		885125A625F088A100901C9B /* Utils */ = {
			isa = PBXGroup;
			children = (
				885125A825F088FC00901C9B /* UIViewExtension.swift */,
				885125A725F088FC00901C9B /* UIViewLayoutExtension.swift */,
			);
			path = Utils;
			sourceTree = "<group>";
		};
/* End PBXGroup section */

/* Begin PBXNativeTarget section */
		8851251F25F074FB00901C9B /* FirstMoboActivity */ = {
			isa = PBXNativeTarget;
			buildConfigurationList = 8851254A25F074FD00901C9B /* Build configuration list for PBXNativeTarget "FirstMoboActivity" */;
			buildPhases = (
				8851251C25F074FB00901C9B /* Sources */,
				8851251D25F074FB00901C9B /* Frameworks */,
				8851251E25F074FB00901C9B /* Resources */,
			);
			buildRules = (
			);
			dependencies = (
			);
			name = FirstMoboActivity;
			productName = FirstMoboActivity;
			productReference = 8851252025F074FB00901C9B /* FirstMoboActivity.app */;
			productType = "com.apple.product-type.application";
		};
		8851253525F074FD00901C9B /* FirstMoboActivityTests */ = {
			isa = PBXNativeTarget;
			buildConfigurationList = 8851254D25F074FD00901C9B /* Build configuration list for PBXNativeTarget "FirstMoboActivityTests" */;
			buildPhases = (
				8851253225F074FD00901C9B /* Sources */,
				8851253325F074FD00901C9B /* Frameworks */,
				8851253425F074FD00901C9B /* Resources */,
			);
			buildRules = (
			);
			dependencies = (
				8851253825F074FD00901C9B /* PBXTargetDependency */,
			);
			name = FirstMoboActivityTests;
			productName = FirstMoboActivityTests;
			productReference = 8851253625F074FD00901C9B /* FirstMoboActivityTests.xctest */;
			productType = "com.apple.product-type.bundle.unit-test";
		};
		8851254025F074FD00901C9B /* FirstMoboActivityUITests */ = {
			isa = PBXNativeTarget;
			buildConfigurationList = 8851255025F074FD00901C9B /* Build configuration list for PBXNativeTarget "FirstMoboActivityUITests" */;
			buildPhases = (
				8851253D25F074FD00901C9B /* Sources */,
				8851253E25F074FD00901C9B /* Frameworks */,
				8851253F25F074FD00901C9B /* Resources */,
			);
			buildRules = (
			);
			dependencies = (
				8851254325F074FD00901C9B /* PBXTargetDependency */,
			);
			name = FirstMoboActivityUITests;
			productName = FirstMoboActivityUITests;
			productReference = 8851254125F074FD00901C9B /* FirstMoboActivityUITests.xctest */;
			productType = "com.apple.product-type.bundle.ui-testing";
		};
/* End PBXNativeTarget section */

/* Begin PBXProject section */
		8851251825F074FB00901C9B /* Project object */ = {
			isa = PBXProject;
			attributes = {
				LastSwiftUpdateCheck = 1200;
				LastUpgradeCheck = 1200;
				TargetAttributes = {
					8851251F25F074FB00901C9B = {
						CreatedOnToolsVersion = 12.0;
					};
					8851253525F074FD00901C9B = {
						CreatedOnToolsVersion = 12.0;
						TestTargetID = 8851251F25F074FB00901C9B;
					};
					8851254025F074FD00901C9B = {
						CreatedOnToolsVersion = 12.0;
						TestTargetID = 8851251F25F074FB00901C9B;
					};
				};
			};
			buildConfigurationList = 8851251B25F074FB00901C9B /* Build configuration list for PBXProject "FirstMoboActivity" */;
			compatibilityVersion = "Xcode 9.3";
			developmentRegion = en;
			hasScannedForEncodings = 0;
			knownRegions = (
				en,
				Base,
			);
			mainGroup = 8851251725F074FB00901C9B;
			productRefGroup = 8851252125F074FB00901C9B /* Products */;
			projectDirPath = "";
			projectRoot = "";
			targets = (
				8851251F25F074FB00901C9B /* FirstMoboActivity */,
				8851253525F074FD00901C9B /* FirstMoboActivityTests */,
				8851254025F074FD00901C9B /* FirstMoboActivityUITests */,
			);
		};
/* End PBXProject section */

/* Begin PBXResourcesBuildPhase section */
		8851251E25F074FB00901C9B /* Resources */ = {
			isa = PBXResourcesBuildPhase;
			buildActionMask = 2147483647;
			files = (
				8851253025F074FD00901C9B /* LaunchScreen.storyboard in Resources */,
				8851252D25F074FD00901C9B /* Assets.xcassets in Resources */,
			);
			runOnlyForDeploymentPostprocessing = 0;
		};
		8851253425F074FD00901C9B /* Resources */ = {
			isa = PBXResourcesBuildPhase;
			buildActionMask = 2147483647;
			files = (
			);
			runOnlyForDeploymentPostprocessing = 0;
		};
		8851253F25F074FD00901C9B /* Resources */ = {
			isa = PBXResourcesBuildPhase;
			buildActionMask = 2147483647;
			files = (
			);
			runOnlyForDeploymentPostprocessing = 0;
		};
/* End PBXResourcesBuildPhase section */

/* Begin PBXSourcesBuildPhase section */
		8851251C25F074FB00901C9B /* Sources */ = {
			isa = PBXSourcesBuildPhase;
			buildActionMask = 2147483647;
			files = (
				885125AF25F0899500901C9B /* FirstMoboActivityHeaderViewAndComponents.swift in Sources */,
				885125AA25F088FC00901C9B /* UIViewExtension.swift in Sources */,
				8851252825F074FB00901C9B /* FirstMoboActivityViewController.swift in Sources */,
				8851252425F074FB00901C9B /* AppDelegate.swift in Sources */,
				885125A925F088FC00901C9B /* UIViewLayoutExtension.swift in Sources */,
				8851252625F074FB00901C9B /* SceneDelegate.swift in Sources */,
			);
			runOnlyForDeploymentPostprocessing = 0;
		};
		8851253225F074FD00901C9B /* Sources */ = {
			isa = PBXSourcesBuildPhase;
			buildActionMask = 2147483647;
			files = (
				8851253B25F074FD00901C9B /* FirstMoboActivityTests.swift in Sources */,
			);
			runOnlyForDeploymentPostprocessing = 0;
		};
		8851253D25F074FD00901C9B /* Sources */ = {
			isa = PBXSourcesBuildPhase;
			buildActionMask = 2147483647;
			files = (
				8851254625F074FD00901C9B /* FirstMoboActivityUITests.swift in Sources */,
			);
			runOnlyForDeploymentPostprocessing = 0;
		};
/* End PBXSourcesBuildPhase section */

/* Begin PBXTargetDependency section */
		8851253825F074FD00901C9B /* PBXTargetDependency */ = {
			isa = PBXTargetDependency;
			target = 8851251F25F074FB00901C9B /* FirstMoboActivity */;
			targetProxy = 8851253725F074FD00901C9B /* PBXContainerItemProxy */;
		};
		8851254325F074FD00901C9B /* PBXTargetDependency */ = {
			isa = PBXTargetDependency;
			target = 8851251F25F074FB00901C9B /* FirstMoboActivity */;
			targetProxy = 8851254225F074FD00901C9B /* PBXContainerItemProxy */;
		};
/* End PBXTargetDependency section */

/* Begin PBXVariantGroup section */
		8851252E25F074FD00901C9B /* LaunchScreen.storyboard */ = {
			isa = PBXVariantGroup;
			children = (
				8851252F25F074FD00901C9B /* Base */,
			);
			name = LaunchScreen.storyboard;
			sourceTree = "<group>";
		};
/* End PBXVariantGroup section */

/* Begin XCBuildConfiguration section */
		8851254825F074FD00901C9B /* Debug */ = {
			isa = XCBuildConfiguration;
			buildSettings = {
				ALWAYS_SEARCH_USER_PATHS = NO;
				CLANG_ANALYZER_NONNULL = YES;
				CLANG_ANALYZER_NUMBER_OBJECT_CONVERSION = YES_AGGRESSIVE;
				CLANG_CXX_LANGUAGE_STANDARD = "gnu++14";
				CLANG_CXX_LIBRARY = "libc++";
				CLANG_ENABLE_MODULES = YES;
				CLANG_ENABLE_OBJC_ARC = YES;
				CLANG_ENABLE_OBJC_WEAK = YES;
				CLANG_WARN_BLOCK_CAPTURE_AUTORELEASING = YES;
				CLANG_WARN_BOOL_CONVERSION = YES;
				CLANG_WARN_COMMA = YES;
				CLANG_WARN_CONSTANT_CONVERSION = YES;
				CLANG_WARN_DEPRECATED_OBJC_IMPLEMENTATIONS = YES;
				CLANG_WARN_DIRECT_OBJC_ISA_USAGE = YES_ERROR;
				CLANG_WARN_DOCUMENTATION_COMMENTS = YES;
				CLANG_WARN_EMPTY_BODY = YES;
				CLANG_WARN_ENUM_CONVERSION = YES;
				CLANG_WARN_INFINITE_RECURSION = YES;
				CLANG_WARN_INT_CONVERSION = YES;
				CLANG_WARN_NON_LITERAL_NULL_CONVERSION = YES;
				CLANG_WARN_OBJC_IMPLICIT_RETAIN_SELF = YES;
				CLANG_WARN_OBJC_LITERAL_CONVERSION = YES;
				CLANG_WARN_OBJC_ROOT_CLASS = YES_ERROR;
				CLANG_WARN_QUOTED_INCLUDE_IN_FRAMEWORK_HEADER = YES;
				CLANG_WARN_RANGE_LOOP_ANALYSIS = YES;
				CLANG_WARN_STRICT_PROTOTYPES = YES;
				CLANG_WARN_SUSPICIOUS_MOVE = YES;
				CLANG_WARN_UNGUARDED_AVAILABILITY = YES_AGGRESSIVE;
				CLANG_WARN_UNREACHABLE_CODE = YES;
				CLANG_WARN__DUPLICATE_METHOD_MATCH = YES;
				COPY_PHASE_STRIP = NO;
				DEBUG_INFORMATION_FORMAT = dwarf;
				ENABLE_STRICT_OBJC_MSGSEND = YES;
				ENABLE_TESTABILITY = YES;
				GCC_C_LANGUAGE_STANDARD = gnu11;
				GCC_DYNAMIC_NO_PIC = NO;
				GCC_NO_COMMON_BLOCKS = YES;
				GCC_OPTIMIZATION_LEVEL = 0;
				GCC_PREPROCESSOR_DEFINITIONS = (
					"DEBUG=1",
					"$(inherited)",
				);
				GCC_WARN_64_TO_32_BIT_CONVERSION = YES;
				GCC_WARN_ABOUT_RETURN_TYPE = YES_ERROR;
				GCC_WARN_UNDECLARED_SELECTOR = YES;
				GCC_WARN_UNINITIALIZED_AUTOS = YES_AGGRESSIVE;
				GCC_WARN_UNUSED_FUNCTION = YES;
				GCC_WARN_UNUSED_VARIABLE = YES;
				IPHONEOS_DEPLOYMENT_TARGET = 14.0;
				MTL_ENABLE_DEBUG_INFO = INCLUDE_SOURCE;
				MTL_FAST_MATH = YES;
				ONLY_ACTIVE_ARCH = YES;
				SDKROOT = iphoneos;
				SWIFT_ACTIVE_COMPILATION_CONDITIONS = DEBUG;
				SWIFT_OPTIMIZATION_LEVEL = "-Onone";
			};
			name = Debug;
		};
		8851254925F074FD00901C9B /* Release */ = {
			isa = XCBuildConfiguration;
			buildSettings = {
				ALWAYS_SEARCH_USER_PATHS = NO;
				CLANG_ANALYZER_NONNULL = YES;
				CLANG_ANALYZER_NUMBER_OBJECT_CONVERSION = YES_AGGRESSIVE;
				CLANG_CXX_LANGUAGE_STANDARD = "gnu++14";
				CLANG_CXX_LIBRARY = "libc++";
				CLANG_ENABLE_MODULES = YES;
				CLANG_ENABLE_OBJC_ARC = YES;
				CLANG_ENABLE_OBJC_WEAK = YES;
				CLANG_WARN_BLOCK_CAPTURE_AUTORELEASING = YES;
				CLANG_WARN_BOOL_CONVERSION = YES;
				CLANG_WARN_COMMA = YES;
				CLANG_WARN_CONSTANT_CONVERSION = YES;
				CLANG_WARN_DEPRECATED_OBJC_IMPLEMENTATIONS = YES;
				CLANG_WARN_DIRECT_OBJC_ISA_USAGE = YES_ERROR;
				CLANG_WARN_DOCUMENTATION_COMMENTS = YES;
				CLANG_WARN_EMPTY_BODY = YES;
				CLANG_WARN_ENUM_CONVERSION = YES;
				CLANG_WARN_INFINITE_RECURSION = YES;
				CLANG_WARN_INT_CONVERSION = YES;
				CLANG_WARN_NON_LITERAL_NULL_CONVERSION = YES;
				CLANG_WARN_OBJC_IMPLICIT_RETAIN_SELF = YES;
				CLANG_WARN_OBJC_LITERAL_CONVERSION = YES;
				CLANG_WARN_OBJC_ROOT_CLASS = YES_ERROR;
				CLANG_WARN_QUOTED_INCLUDE_IN_FRAMEWORK_HEADER = YES;
				CLANG_WARN_RANGE_LOOP_ANALYSIS = YES;
				CLANG_WARN_STRICT_PROTOTYPES = YES;
				CLANG_WARN_SUSPICIOUS_MOVE = YES;
				CLANG_WARN_UNGUARDED_AVAILABILITY = YES_AGGRESSIVE;
				CLANG_WARN_UNREACHABLE_CODE = YES;
				CLANG_WARN__DUPLICATE_METHOD_MATCH = YES;
				COPY_PHASE_STRIP = NO;
				DEBUG_INFORMATION_FORMAT = "dwarf-with-dsym";
				ENABLE_NS_ASSERTIONS = NO;
				ENABLE_STRICT_OBJC_MSGSEND = YES;
				GCC_C_LANGUAGE_STANDARD = gnu11;
				GCC_NO_COMMON_BLOCKS = YES;
				GCC_WARN_64_TO_32_BIT_CONVERSION = YES;
				GCC_WARN_ABOUT_RETURN_TYPE = YES_ERROR;
				GCC_WARN_UNDECLARED_SELECTOR = YES;
				GCC_WARN_UNINITIALIZED_AUTOS = YES_AGGRESSIVE;
				GCC_WARN_UNUSED_FUNCTION = YES;
				GCC_WARN_UNUSED_VARIABLE = YES;
				IPHONEOS_DEPLOYMENT_TARGET = 14.0;
				MTL_ENABLE_DEBUG_INFO = NO;
				MTL_FAST_MATH = YES;
				SDKROOT = iphoneos;
				SWIFT_COMPILATION_MODE = wholemodule;
				SWIFT_OPTIMIZATION_LEVEL = "-O";
				VALIDATE_PRODUCT = YES;
			};
			name = Release;
		};
		8851254B25F074FD00901C9B /* Debug */ = {
			isa = XCBuildConfiguration;
			buildSettings = {
				ASSETCATALOG_COMPILER_APPICON_NAME = AppIcon;
				ASSETCATALOG_COMPILER_GLOBAL_ACCENT_COLOR_NAME = AccentColor;
				CODE_SIGN_STYLE = Automatic;
				DEVELOPMENT_TEAM = J89XP6WQS5;
				INFOPLIST_FILE = FirstMoboActivity/Info.plist;
				LD_RUNPATH_SEARCH_PATHS = (
					"$(inherited)",
					"@executable_path/Frameworks",
				);
				PRODUCT_BUNDLE_IDENTIFIER = br.com.stant.FirstMoboActivity;
				PRODUCT_NAME = "$(TARGET_NAME)";
				SWIFT_VERSION = 5.0;
				TARGETED_DEVICE_FAMILY = "1,2";
			};
			name = Debug;
		};
		8851254C25F074FD00901C9B /* Release */ = {
			isa = XCBuildConfiguration;
			buildSettings = {
				ASSETCATALOG_COMPILER_APPICON_NAME = AppIcon;
				ASSETCATALOG_COMPILER_GLOBAL_ACCENT_COLOR_NAME = AccentColor;
				CODE_SIGN_STYLE = Automatic;
				DEVELOPMENT_TEAM = J89XP6WQS5;
				INFOPLIST_FILE = FirstMoboActivity/Info.plist;
				LD_RUNPATH_SEARCH_PATHS = (
					"$(inherited)",
					"@executable_path/Frameworks",
				);
				PRODUCT_BUNDLE_IDENTIFIER = br.com.stant.FirstMoboActivity;
				PRODUCT_NAME = "$(TARGET_NAME)";
				SWIFT_VERSION = 5.0;
				TARGETED_DEVICE_FAMILY = "1,2";
			};
			name = Release;
		};
		8851254E25F074FD00901C9B /* Debug */ = {
			isa = XCBuildConfiguration;
			buildSettings = {
				ALWAYS_EMBED_SWIFT_STANDARD_LIBRARIES = YES;
				BUNDLE_LOADER = "$(TEST_HOST)";
				CODE_SIGN_STYLE = Automatic;
				DEVELOPMENT_TEAM = J89XP6WQS5;
				INFOPLIST_FILE = FirstMoboActivityTests/Info.plist;
				IPHONEOS_DEPLOYMENT_TARGET = 14.0;
				LD_RUNPATH_SEARCH_PATHS = (
					"$(inherited)",
					"@executable_path/Frameworks",
					"@loader_path/Frameworks",
				);
				PRODUCT_BUNDLE_IDENTIFIER = br.com.stant.FirstMoboActivityTests;
				PRODUCT_NAME = "$(TARGET_NAME)";
				SWIFT_VERSION = 5.0;
				TARGETED_DEVICE_FAMILY = "1,2";
				TEST_HOST = "$(BUILT_PRODUCTS_DIR)/FirstMoboActivity.app/FirstMoboActivity";
			};
			name = Debug;
		};
		8851254F25F074FD00901C9B /* Release */ = {
			isa = XCBuildConfiguration;
			buildSettings = {
				ALWAYS_EMBED_SWIFT_STANDARD_LIBRARIES = YES;
				BUNDLE_LOADER = "$(TEST_HOST)";
				CODE_SIGN_STYLE = Automatic;
				DEVELOPMENT_TEAM = J89XP6WQS5;
				INFOPLIST_FILE = FirstMoboActivityTests/Info.plist;
				IPHONEOS_DEPLOYMENT_TARGET = 14.0;
				LD_RUNPATH_SEARCH_PATHS = (
					"$(inherited)",
					"@executable_path/Frameworks",
					"@loader_path/Frameworks",
				);
				PRODUCT_BUNDLE_IDENTIFIER = br.com.stant.FirstMoboActivityTests;
				PRODUCT_NAME = "$(TARGET_NAME)";
				SWIFT_VERSION = 5.0;
				TARGETED_DEVICE_FAMILY = "1,2";
				TEST_HOST = "$(BUILT_PRODUCTS_DIR)/FirstMoboActivity.app/FirstMoboActivity";
			};
			name = Release;
		};
		8851255125F074FD00901C9B /* Debug */ = {
			isa = XCBuildConfiguration;
			buildSettings = {
				ALWAYS_EMBED_SWIFT_STANDARD_LIBRARIES = YES;
				CODE_SIGN_STYLE = Automatic;
				DEVELOPMENT_TEAM = J89XP6WQS5;
				INFOPLIST_FILE = FirstMoboActivityUITests/Info.plist;
				LD_RUNPATH_SEARCH_PATHS = (
					"$(inherited)",
					"@executable_path/Frameworks",
					"@loader_path/Frameworks",
				);
				PRODUCT_BUNDLE_IDENTIFIER = br.com.stant.FirstMoboActivityUITests;
				PRODUCT_NAME = "$(TARGET_NAME)";
				SWIFT_VERSION = 5.0;
				TARGETED_DEVICE_FAMILY = "1,2";
				TEST_TARGET_NAME = FirstMoboActivity;
			};
			name = Debug;
		};
		8851255225F074FD00901C9B /* Release */ = {
			isa = XCBuildConfiguration;
			buildSettings = {
				ALWAYS_EMBED_SWIFT_STANDARD_LIBRARIES = YES;
				CODE_SIGN_STYLE = Automatic;
				DEVELOPMENT_TEAM = J89XP6WQS5;
				INFOPLIST_FILE = FirstMoboActivityUITests/Info.plist;
				LD_RUNPATH_SEARCH_PATHS = (
					"$(inherited)",
					"@executable_path/Frameworks",
					"@loader_path/Frameworks",
				);
				PRODUCT_BUNDLE_IDENTIFIER = br.com.stant.FirstMoboActivityUITests;
				PRODUCT_NAME = "$(TARGET_NAME)";
				SWIFT_VERSION = 5.0;
				TARGETED_DEVICE_FAMILY = "1,2";
				TEST_TARGET_NAME = FirstMoboActivity;
			};
			name = Release;
		};
/* End XCBuildConfiguration section */

/* Begin XCConfigurationList section */
		8851251B25F074FB00901C9B /* Build configuration list for PBXProject "FirstMoboActivity" */ = {
			isa = XCConfigurationList;
			buildConfigurations = (
				8851254825F074FD00901C9B /* Debug */,
				8851254925F074FD00901C9B /* Release */,
			);
			defaultConfigurationIsVisible = 0;
			defaultConfigurationName = Release;
		};
		8851254A25F074FD00901C9B /* Build configuration list for PBXNativeTarget "FirstMoboActivity" */ = {
			isa = XCConfigurationList;
			buildConfigurations = (
				8851254B25F074FD00901C9B /* Debug */,
				8851254C25F074FD00901C9B /* Release */,
			);
			defaultConfigurationIsVisible = 0;
			defaultConfigurationName = Release;
		};
		8851254D25F074FD00901C9B /* Build configuration list for PBXNativeTarget "FirstMoboActivityTests" */ = {
			isa = XCConfigurationList;
			buildConfigurations = (
				8851254E25F074FD00901C9B /* Debug */,
				8851254F25F074FD00901C9B /* Release */,
			);
			defaultConfigurationIsVisible = 0;
			defaultConfigurationName = Release;
		};
		8851255025F074FD00901C9B /* Build configuration list for PBXNativeTarget "FirstMoboActivityUITests" */ = {
			isa = XCConfigurationList;
			buildConfigurations = (
				8851255125F074FD00901C9B /* Debug */,
				8851255225F074FD00901C9B /* Release */,
			);
			defaultConfigurationIsVisible = 0;
			defaultConfigurationName = Release;
		};
/* End XCConfigurationList section */
	};
	rootObject = 8851251825F074FB00901C9B /* Project object */;
}
